{
  "name": "ucc2stl",
  "version": "1.0.0",
  "lockfileVersion": 2,
  "requires": true,
  "packages": {
    "": {
      "version": "1.0.0",
      "license": "ISC",
      "dependencies": {
        "vectorious": "^6.0.2"
      },
      "devDependencies": {
        "@types/node": "^14.14.35"
      }
    },
    "node_modules/@types/node": {
      "version": "14.14.35",
      "resolved": "https://registry.npmjs.org/@types/node/-/node-14.14.35.tgz",
      "integrity": "sha512-Lt+wj8NVPx0zUmUwumiVXapmaLUcAk3yPuHCFVXras9k5VT9TdhJqKqGVUQCD60OTMCl0qxJ57OiTL0Mic3Iag==",
      "dev": true
    },
    "node_modules/nblas": {
      "version": "2.1.9",
      "resolved": "https://registry.npmjs.org/nblas/-/nblas-2.1.9.tgz",
      "integrity": "sha512-nMMTKm+ETAT2fYbR54Y3v448iu9akEA2wDRM0mQL8bvjBHBL2zRu3Ww68k0/OLwWb5uQG9ovRNunV1UUjZEREw==",
      "hasInstallScript": true,
      "optional": true
    },
    "node_modules/nlapack": {
      "version": "2.0.4",
      "resolved": "https://registry.npmjs.org/nlapack/-/nlapack-2.0.4.tgz",
      "integrity": "sha512-wOSREY+1LoAQCJkOR+d4xNFXYZEPaXH8iLxbAHCFj/+ynMtNGfWOihMzTEo6rL+fzVIWcoU00zFxNB34+8BXSw==",
      "hasInstallScript": true,
      "optional": true
    },
    "node_modules/vectorious": {
      "version": "6.0.2",
      "resolved": "https://registry.npmjs.org/vectorious/-/vectorious-6.0.2.tgz",
      "integrity": "sha512-U+FQIeKZF+p/x7+XtEuydyqe1v7HPgYKbzqJF/mtDLJ09SjxlHNESJNa06AFtZjINGFJIO8pFIjiYdGXWlU3BQ==",
      "optionalDependencies": {
        "nblas": "^2.1.9",
        "nlapack": "^2.0.4"
      }
    }
  },
  "dependencies": {
    "@types/node": {
      "version": "14.14.35",
      "resolved": "https://registry.npmjs.org/@types/node/-/node-14.14.35.tgz",
      "integrity": "sha512-Lt+wj8NVPx0zUmUwumiVXapmaLUcAk3yPuHCFVXras9k5VT9TdhJqKqGVUQCD60OTMCl0qxJ57OiTL0Mic3Iag==",
      "dev": true
    },
    "nblas": {
      "version": "2.1.9",
      "resolved": "https://registry.npmjs.org/nblas/-/nblas-2.1.9.tgz",
      "integrity": "sha512-nMMTKm+ETAT2fYbR54Y3v448iu9akEA2wDRM0mQL8bvjBHBL2zRu3Ww68k0/OLwWb5uQG9ovRNunV1UUjZEREw==",
      "optional": true
    },
    "nlapack": {
      "version": "2.0.4",
      "resolved": "https://registry.npmjs.org/nlapack/-/nlapack-2.0.4.tgz",
      "integrity": "sha512-wOSREY+1LoAQCJkOR+d4xNFXYZEPaXH8iLxbAHCFj/+ynMtNGfWOihMzTEo6rL+fzVIWcoU00zFxNB34+8BXSw==",
      "optional": true
    },
    "vectorious": {
      "version": "6.0.2",
      "resolved": "https://registry.npmjs.org/vectorious/-/vectorious-6.0.2.tgz",
      "integrity": "sha512-U+FQIeKZF+p/x7+XtEuydyqe1v7HPgYKbzqJF/mtDLJ09SjxlHNESJNa06AFtZjINGFJIO8pFIjiYdGXWlU3BQ==",
      "requires": {
        "nblas": "^2.1.9",
        "nlapack": "^2.0.4"
      }
    }
  }
}
